
Microsoft Visual Studio Solution File, Format Version 12.00
# Visual Studio 14
VisualStudioVersion = 14.0.25123.0
MinimumVisualStudioVersion = 10.0.40219.1
Project("{2150E333-8FDC-42A3-9474-1A3956D46DE8}") = "src", "src", "{92441B8C-7891-4076-AA37-C796D0F045FA}"
EndProject
Project("{2150E333-8FDC-42A3-9474-1A3956D46DE8}") = "Solution Items", "Solution Items", "{0251D8AD-5259-480A-9065-2266A8179995}"
	ProjectSection(SolutionItems) = preProject
		global.json = global.json
	EndProjectSection
EndProject
Project("{8BB2217D-0F2D-49D1-97BC-3654ED321F3B}") = "CourseWorkDB", "src\CourseWorkDB\CourseWorkDB.xproj", "{7E1B2114-C205-4AA4-BB1F-0B52B0B03550}"
EndProject
Global
	GlobalSection(SolutionConfigurationPlatforms) = preSolution
		Debug|Any CPU = Debug|Any CPU
		Release|Any CPU = Release|Any CPU
	EndGlobalSection
	GlobalSection(ProjectConfigurationPlatforms) = postSolution
		{7E1B2114-C205-4AA4-BB1F-0B52B0B03550}.Debug|Any CPU.ActiveCfg = Debug|Any CPU
		{7E1B2114-C205-4AA4-BB1F-0B52B0B03550}.Debug|Any CPU.Build.0 = Debug|Any CPU
		{7E1B2114-C205-4AA4-BB1F-0B52B0B03550}.Release|Any CPU.ActiveCfg = Release|Any CPU
		{7E1B2114-C205-4AA4-BB1F-0B52B0B03550}.Release|Any CPU.Build.0 = Release|Any CPU
	EndGlobalSection
	GlobalSection(SolutionProperties) = preSolution
		HideSolutionNode = FALSE
	EndGlobalSection
	GlobalSection(NestedProjects) = preSolution
		{7E1B2114-C205-4AA4-BB1F-0B52B0B03550} = {92441B8C-7891-4076-AA37-C796D0F045FA}
	EndGlobalSection
EndGlobal
